
Microsoft Visual Studio Solution File, Format Version 12.00
# Visual Studio Version 16
VisualStudioVersion = 16.0.29721.120
MinimumVisualStudioVersion = 10.0.40219.1
Project("{9A19103F-16F7-4668-BE54-9A1E7A4F7556}") = "FunctionApp1", "FunctionApp1\FunctionApp1.csproj", "{429E854B-792F-46CE-9654-93B61B1B291B}"
EndProject
Project("{9A19103F-16F7-4668-BE54-9A1E7A4F7556}") = "FunctionApp1.Tests", "FunctionApp1.Tests\FunctionApp1.Tests.csproj", "{13F5EBC8-2B0C-4FE9-82A3-E16EEA4DB32D}"
EndProject
Project("{FAE04EC0-301F-11D3-BF4B-00C04F79EFBC}") = "ClassLibrary1", "ClassLibrary1\ClassLibrary1.csproj", "{0C1F57EC-4FB4-44E5-8445-C1A0A2D05A78}"
EndProject
Project("{FAE04EC0-301F-11D3-BF4B-00C04F79EFBC}") = "ClassLibrary2", "ClassLibrary2\ClassLibrary2.csproj", "{EEE30E16-8079-43EB-B886-2A0CF9207276}"
EndProject
Global
	GlobalSection(SolutionConfigurationPlatforms) = preSolution
		Debug|Any CPU = Debug|Any CPU
		Release|Any CPU = Release|Any CPU
	EndGlobalSection
	GlobalSection(ProjectConfigurationPlatforms) = postSolution
		{429E854B-792F-46CE-9654-93B61B1B291B}.Debug|Any CPU.ActiveCfg = Debug|Any CPU
		{429E854B-792F-46CE-9654-93B61B1B291B}.Debug|Any CPU.Build.0 = Debug|Any CPU
		{429E854B-792F-46CE-9654-93B61B1B291B}.Release|Any CPU.ActiveCfg = Release|Any CPU
		{429E854B-792F-46CE-9654-93B61B1B291B}.Release|Any CPU.Build.0 = Release|Any CPU
		{13F5EBC8-2B0C-4FE9-82A3-E16EEA4DB32D}.Debug|Any CPU.ActiveCfg = Debug|Any CPU
		{13F5EBC8-2B0C-4FE9-82A3-E16EEA4DB32D}.Debug|Any CPU.Build.0 = Debug|Any CPU
		{13F5EBC8-2B0C-4FE9-82A3-E16EEA4DB32D}.Release|Any CPU.ActiveCfg = Release|Any CPU
		{13F5EBC8-2B0C-4FE9-82A3-E16EEA4DB32D}.Release|Any CPU.Build.0 = Release|Any CPU
		{0C1F57EC-4FB4-44E5-8445-C1A0A2D05A78}.Debug|Any CPU.ActiveCfg = Debug|Any CPU
		{0C1F57EC-4FB4-44E5-8445-C1A0A2D05A78}.Debug|Any CPU.Build.0 = Debug|Any CPU
		{0C1F57EC-4FB4-44E5-8445-C1A0A2D05A78}.Release|Any CPU.ActiveCfg = Release|Any CPU
		{0C1F57EC-4FB4-44E5-8445-C1A0A2D05A78}.Release|Any CPU.Build.0 = Release|Any CPU
		{EEE30E16-8079-43EB-B886-2A0CF9207276}.Debug|Any CPU.ActiveCfg = Debug|Any CPU
		{EEE30E16-8079-43EB-B886-2A0CF9207276}.Debug|Any CPU.Build.0 = Debug|Any CPU
		{EEE30E16-8079-43EB-B886-2A0CF9207276}.Release|Any CPU.ActiveCfg = Release|Any CPU
		{EEE30E16-8079-43EB-B886-2A0CF9207276}.Release|Any CPU.Build.0 = Release|Any CPU
	EndGlobalSection
	GlobalSection(SolutionProperties) = preSolution
		HideSolutionNode = FALSE
	EndGlobalSection
	GlobalSection(ExtensibilityGlobals) = postSolution
		SolutionGuid = {D6AC4FE1-2647-43BC-B66D-051FFBA388A4}
	EndGlobalSection
EndGlobal
